Microsoft Visual Studio Solution File, Format Version 12.00
# Visual Studio 2012
Project("{FAE04EC0-301F-11D3-BF4B-00C04F79EFBC}") = "WFYH", "WFYH.csproj", "{FF1CCBD3-174F-43FA-835D-E4CDA4A49AE3}"
EndProject
Global
	GlobalSection(SolutionConfigurationPlatforms) = preSolution
	Debug|Any CPU = Debug|Any CPU
	ExportDebug|Any CPU = ExportDebug|Any CPU
	ExportRelease|Any CPU = ExportRelease|Any CPU
	EndGlobalSection
	GlobalSection(ProjectConfigurationPlatforms) = postSolution
		{FF1CCBD3-174F-43FA-835D-E4CDA4A49AE3}.Debug|Any CPU.ActiveCfg = Debug|Any CPU
		{FF1CCBD3-174F-43FA-835D-E4CDA4A49AE3}.Debug|Any CPU.Build.0 = Debug|Any CPU
		{FF1CCBD3-174F-43FA-835D-E4CDA4A49AE3}.ExportDebug|Any CPU.ActiveCfg = ExportDebug|Any CPU
		{FF1CCBD3-174F-43FA-835D-E4CDA4A49AE3}.ExportDebug|Any CPU.Build.0 = ExportDebug|Any CPU
		{FF1CCBD3-174F-43FA-835D-E4CDA4A49AE3}.ExportRelease|Any CPU.ActiveCfg = ExportRelease|Any CPU
		{FF1CCBD3-174F-43FA-835D-E4CDA4A49AE3}.ExportRelease|Any CPU.Build.0 = ExportRelease|Any CPU
	EndGlobalSection
EndGlobal
